
Microsoft Visual Studio Solution File, Format Version 12.00
# Visual Studio Version 17
VisualStudioVersion = 17.0.32014.148
MinimumVisualStudioVersion = 10.0.40219.1
Project("{8BC9CEB8-8B4A-11D0-8D11-00A0C91BC942}") = "20220105", "20220105.vcxproj", "{352FB8D0-E1C0-4367-A654-D6E0EB8EBAAB}"
EndProject
Global
	GlobalSection(SolutionConfigurationPlatforms) = preSolution
		Debug|x64 = Debug|x64
		Debug|x86 = Debug|x86
		Release|x64 = Release|x64
		Release|x86 = Release|x86
	EndGlobalSection
	GlobalSection(ProjectConfigurationPlatforms) = postSolution
		{352FB8D0-E1C0-4367-A654-D6E0EB8EBAAB}.Debug|x64.ActiveCfg = Debug|x64
		{352FB8D0-E1C0-4367-A654-D6E0EB8EBAAB}.Debug|x64.Build.0 = Debug|x64
		{352FB8D0-E1C0-4367-A654-D6E0EB8EBAAB}.Debug|x86.ActiveCfg = Debug|Win32
		{352FB8D0-E1C0-4367-A654-D6E0EB8EBAAB}.Debug|x86.Build.0 = Debug|Win32
		{352FB8D0-E1C0-4367-A654-D6E0EB8EBAAB}.Release|x64.ActiveCfg = Release|x64
		{352FB8D0-E1C0-4367-A654-D6E0EB8EBAAB}.Release|x64.Build.0 = Release|x64
		{352FB8D0-E1C0-4367-A654-D6E0EB8EBAAB}.Release|x86.ActiveCfg = Release|Win32
		{352FB8D0-E1C0-4367-A654-D6E0EB8EBAAB}.Release|x86.Build.0 = Release|Win32
	EndGlobalSection
	GlobalSection(SolutionProperties) = preSolution
		HideSolutionNode = FALSE
	EndGlobalSection
	GlobalSection(ExtensibilityGlobals) = postSolution
		SolutionGuid = {DEB31312-ADB3-411E-BE5F-41A212559B20}
	EndGlobalSection
EndGlobal
